
Microsoft Visual Studio Solution File, Format Version 12.00
# Visual Studio Version 16
VisualStudioVersion = 16.0.32802.440
MinimumVisualStudioVersion = 10.0.40219.1
Project("{9A19103F-16F7-4668-BE54-9A1E7A4F7556}") = "ConsoleApp1", "ConsoleApp1\ConsoleApp1.csproj", "{8C011559-230A-437C-9563-661498510C6C}"
EndProject
Global
	GlobalSection(SolutionConfigurationPlatforms) = preSolution
		Debug|Any CPU = Debug|Any CPU
		Release|Any CPU = Release|Any CPU
	EndGlobalSection
	GlobalSection(ProjectConfigurationPlatforms) = postSolution
		{8C011559-230A-437C-9563-661498510C6C}.Debug|Any CPU.ActiveCfg = Debug|Any CPU
		{8C011559-230A-437C-9563-661498510C6C}.Debug|Any CPU.Build.0 = Debug|Any CPU
		{8C011559-230A-437C-9563-661498510C6C}.Release|Any CPU.ActiveCfg = Release|Any CPU
		{8C011559-230A-437C-9563-661498510C6C}.Release|Any CPU.Build.0 = Release|Any CPU
	EndGlobalSection
	GlobalSection(SolutionProperties) = preSolution
		HideSolutionNode = FALSE
	EndGlobalSection
	GlobalSection(ExtensibilityGlobals) = postSolution
		SolutionGuid = {A48E433E-8D8D-4E6B-B434-D27C1198228B}
	EndGlobalSection
EndGlobal
